// !$*UTF8*$!
{
	archiveVersion = 1;
	classes = {
	};
	objectVersion = 46;
	objects = {

/* Begin PBXBuildFile section */
		D9144E761BB905F800F01FB5 /* main.m in Sources */ = {isa = PBXBuildFile; fileRef = D9144E751BB905F800F01FB5 /* main.m */; };
		D9144E791BB905F800F01FB5 /* AppDelegate.m in Sources */ = {isa = PBXBuildFile; fileRef = D9144E781BB905F800F01FB5 /* AppDelegate.m */; };
		D9144E7F1BB905F800F01FB5 /* Main.storyboard in Resources */ = {isa = PBXBuildFile; fileRef = D9144E7D1BB905F800F01FB5 /* Main.storyboard */; };
		D9144E811BB905F800F01FB5 /* Assets.xcassets in Resources */ = {isa = PBXBuildFile; fileRef = D9144E801BB905F800F01FB5 /* Assets.xcassets */; };
		D9144E841BB905F800F01FB5 /* LaunchScreen.storyboard in Resources */ = {isa = PBXBuildFile; fileRef = D9144E821BB905F800F01FB5 /* LaunchScreen.storyboard */; };
		D9144E8F1BB905F800F01FB5 /* UICollectionViewDemoTests.m in Sources */ = {isa = PBXBuildFile; fileRef = D9144E8E1BB905F800F01FB5 /* UICollectionViewDemoTests.m */; };
		D9144E9A1BB905F800F01FB5 /* UICollectionViewDemoUITests.m in Sources */ = {isa = PBXBuildFile; fileRef = D9144E991BB905F800F01FB5 /* UICollectionViewDemoUITests.m */; };
		D9144EA91BB9066B00F01FB5 /* CollectionViewController.m in Sources */ = {isa = PBXBuildFile; fileRef = D9144EA81BB9066B00F01FB5 /* CollectionViewController.m */; settings = {ASSET_TAGS = (); }; };
		D9144EAC1BB906A500F01FB5 /* CollectionViewCell.m in Sources */ = {isa = PBXBuildFile; fileRef = D9144EAB1BB906A500F01FB5 /* CollectionViewCell.m */; settings = {ASSET_TAGS = (); }; };
/* End PBXBuildFile section */

/* Begin PBXContainerItemProxy section */
		D9144E8B1BB905F800F01FB5 /* PBXContainerItemProxy */ = {
			isa = PBXContainerItemProxy;
			containerPortal = D9144E691BB905F800F01FB5 /* Project object */;
			proxyType = 1;
			remoteGlobalIDString = D9144E701BB905F800F01FB5;
			remoteInfo = UICollectionViewDemo;
		};
		D9144E961BB905F800F01FB5 /* PBXContainerItemProxy */ = {
			isa = PBXContainerItemProxy;
			containerPortal = D9144E691BB905F800F01FB5 /* Project object */;
			proxyType = 1;
			remoteGlobalIDString = D9144E701BB905F800F01FB5;
			remoteInfo = UICollectionViewDemo;
		};
/* End PBXContainerItemProxy section */

/* Begin PBXFileReference section */
		D9144E711BB905F800F01FB5 /* UICollectionViewDemo.app */ = {isa = PBXFileReference; explicitFileType = wrapper.application; includeInIndex = 0; path = UICollectionViewDemo.app; sourceTree = BUILT_PRODUCTS_DIR; };
		D9144E751BB905F800F01FB5 /* main.m */ = {isa = PBXFileReference; lastKnownFileType = sourcecode.c.objc; path = main.m; sourceTree = "<group>"; };
		D9144E771BB905F800F01FB5 /* AppDelegate.h */ = {isa = PBXFileReference; lastKnownFileType = sourcecode.c.h; path = AppDelegate.h; sourceTree = "<group>"; };
		D9144E781BB905F800F01FB5 /* AppDelegate.m */ = {isa = PBXFileReference; lastKnownFileType = sourcecode.c.objc; path = AppDelegate.m; sourceTree = "<group>"; };
		D9144E7E1BB905F800F01FB5 /* Base */ = {isa = PBXFileReference; lastKnownFileType = file.storyboard; name = Base; path = Base.lproj/Main.storyboard; sourceTree = "<group>"; };
		D9144E801BB905F800F01FB5 /* Assets.xcassets */ = {isa = PBXFileReference; lastKnownFileType = folder.assetcatalog; path = Assets.xcassets; sourceTree = "<group>"; };
		D9144E831BB905F800F01FB5 /* Base */ = {isa = PBXFileReference; lastKnownFileType = file.storyboard; name = Base; path = Base.lproj/LaunchScreen.storyboard; sourceTree = "<group>"; };
		D9144E851BB905F800F01FB5 /* Info.plist */ = {isa = PBXFileReference; lastKnownFileType = text.plist.xml; path = Info.plist; sourceTree = "<group>"; };
		D9144E8A1BB905F800F01FB5 /* UICollectionViewDemoTests.xctest */ = {isa = PBXFileReference; explicitFileType = wrapper.cfbundle; includeInIndex = 0; path = UICollectionViewDemoTests.xctest; sourceTree = BUILT_PRODUCTS_DIR; };
		D9144E8E1BB905F800F01FB5 /* UICollectionViewDemoTests.m */ = {isa = PBXFileReference; lastKnownFileType = sourcecode.c.objc; path = UICollectionViewDemoTests.m; sourceTree = "<group>"; };
		D9144E901BB905F800F01FB5 /* Info.plist */ = {isa = PBXFileReference; lastKnownFileType = text.plist.xml; path = Info.plist; sourceTree = "<group>"; };
		D9144E951BB905F800F01FB5 /* UICollectionViewDemoUITests.xctest */ = {isa = PBXFileReference; explicitFileType = wrapper.cfbundle; includeInIndex = 0; path = UICollectionViewDemoUITests.xctest; sourceTree = BUILT_PRODUCTS_DIR; };
		D9144E991BB905F800F01FB5 /* UICollectionViewDemoUITests.m */ = {isa = PBXFileReference; lastKnownFileType = sourcecode.c.objc; path = UICollectionViewDemoUITests.m; sourceTree = "<group>"; };
		D9144E9B1BB905F800F01FB5 /* Info.plist */ = {isa = PBXFileReference; lastKnownFileType = text.plist.xml; path = Info.plist; sourceTree = "<group>"; };
		D9144EA71BB9066B00F01FB5 /* CollectionViewController.h */ = {isa = PBXFileReference; fileEncoding = 4; lastKnownFileType = sourcecode.c.h; path = CollectionViewController.h; sourceTree = "<group>"; };
		D9144EA81BB9066B00F01FB5 /* CollectionViewController.m */ = {isa = PBXFileReference; fileEncoding = 4; lastKnownFileType = sourcecode.c.objc; path = CollectionViewController.m; sourceTree = "<group>"; };
		D9144EAA1BB906A500F01FB5 /* CollectionViewCell.h */ = {isa = PBXFileReference; fileEncoding = 4; lastKnownFileType = sourcecode.c.h; path = CollectionViewCell.h; sourceTree = "<group>"; };
		D9144EAB1BB906A500F01FB5 /* CollectionViewCell.m */ = {isa = PBXFileReference; fileEncoding = 4; lastKnownFileType = sourcecode.c.objc; path = CollectionViewCell.m; sourceTree = "<group>"; };
/* End PBXFileReference section */

/* Begin PBXFrameworksBuildPhase section */
		D9144E6E1BB905F800F01FB5 /* Frameworks */ = {
			isa = PBXFrameworksBuildPhase;
			buildActionMask = 2147483647;
			files = (
			);
			runOnlyForDeploymentPostprocessing = 0;
		};
		D9144E871BB905F800F01FB5 /* Frameworks */ = {
			isa = PBXFrameworksBuildPhase;
			buildActionMask = 2147483647;
			files = (
			);
			runOnlyForDeploymentPostprocessing = 0;
		};
		D9144E921BB905F800F01FB5 /* Frameworks */ = {
			isa = PBXFrameworksBuildPhase;
			buildActionMask = 2147483647;
			files = (
			);
			runOnlyForDeploymentPostprocessing = 0;
		};
/* End PBXFrameworksBuildPhase section */

/* Begin PBXGroup section */
		D9144E681BB905F800F01FB5 = {
			isa = PBXGroup;
			children = (
				D9144E731BB905F800F01FB5 /* UICollectionViewDemo */,
				D9144E8D1BB905F800F01FB5 /* UICollectionViewDemoTests */,
				D9144E981BB905F800F01FB5 /* UICollectionViewDemoUITests */,
				D9144E721BB905F800F01FB5 /* Products */,
			);
			sourceTree = "<group>";
		};
		D9144E721BB905F800F01FB5 /* Products */ = {
			isa = PBXGroup;
			children = (
				D9144E711BB905F800F01FB5 /* UICollectionViewDemo.app */,
				D9144E8A1BB905F800F01FB5 /* UICollectionViewDemoTests.xctest */,
				D9144E951BB905F800F01FB5 /* UICollectionViewDemoUITests.xctest */,
			);
			name = Products;
			sourceTree = "<group>";
		};
		D9144E731BB905F800F01FB5 /* UICollectionViewDemo */ = {
			isa = PBXGroup;
			children = (
				D9144E771BB905F800F01FB5 /* AppDelegate.h */,
				D9144E781BB905F800F01FB5 /* AppDelegate.m */,
				D9144E7D1BB905F800F01FB5 /* Main.storyboard */,
				D9144EAA1BB906A500F01FB5 /* CollectionViewCell.h */,
				D9144EAB1BB906A500F01FB5 /* CollectionViewCell.m */,
				D9144EA71BB9066B00F01FB5 /* CollectionViewController.h */,
				D9144EA81BB9066B00F01FB5 /* CollectionViewController.m */,
				D9144E801BB905F800F01FB5 /* Assets.xcassets */,
				D9144E821BB905F800F01FB5 /* LaunchScreen.storyboard */,
				D9144E851BB905F800F01FB5 /* Info.plist */,
				D9144E741BB905F800F01FB5 /* Supporting Files */,
			);
			path = UICollectionViewDemo;
			sourceTree = "<group>";
		};
		D9144E741BB905F800F01FB5 /* Supporting Files */ = {
			isa = PBXGroup;
			children = (
				D9144E751BB905F800F01FB5 /* main.m */,
			);
			name = "Supporting Files";
			sourceTree = "<group>";
		};
		D9144E8D1BB905F800F01FB5 /* UICollectionViewDemoTests */ = {
			isa = PBXGroup;
			children = (
				D9144E8E1BB905F800F01FB5 /* UICollectionViewDemoTests.m */,
				D9144E901BB905F800F01FB5 /* Info.plist */,
			);
			path = UICollectionViewDemoTests;
			sourceTree = "<group>";
		};
		D9144E981BB905F800F01FB5 /* UICollectionViewDemoUITests */ = {
			isa = PBXGroup;
			children = (
				D9144E991BB905F800F01FB5 /* UICollectionViewDemoUITests.m */,
				D9144E9B1BB905F800F01FB5 /* Info.plist */,
			);
			path = UICollectionViewDemoUITests;
			sourceTree = "<group>";
		};
/* End PBXGroup section */

/* Begin PBXNativeTarget section */
		D9144E701BB905F800F01FB5 /* UICollectionViewDemo */ = {
			isa = PBXNativeTarget;
			buildConfigurationList = D9144E9E1BB905F800F01FB5 /* Build configuration list for PBXNativeTarget "UICollectionViewDemo" */;
			buildPhases = (
				D9144E6D1BB905F800F01FB5 /* Sources */,
				D9144E6E1BB905F800F01FB5 /* Frameworks */,
				D9144E6F1BB905F800F01FB5 /* Resources */,
			);
			buildRules = (
			);
			dependencies = (
			);
			name = UICollectionViewDemo;
			productName = UICollectionViewDemo;
			productReference = D9144E711BB905F800F01FB5 /* UICollectionViewDemo.app */;
			productType = "com.apple.product-type.application";
		};
		D9144E891BB905F800F01FB5 /* UICollectionViewDemoTests */ = {
			isa = PBXNativeTarget;
			buildConfigurationList = D9144EA11BB905F800F01FB5 /* Build configuration list for PBXNativeTarget "UICollectionViewDemoTests" */;
			buildPhases = (
				D9144E861BB905F800F01FB5 /* Sources */,
				D9144E871BB905F800F01FB5 /* Frameworks */,
				D9144E881BB905F800F01FB5 /* Resources */,
			);
			buildRules = (
			);
			dependencies = (
				D9144E8C1BB905F800F01FB5 /* PBXTargetDependency */,
			);
			name = UICollectionViewDemoTests;
			productName = UICollectionViewDemoTests;
			productReference = D9144E8A1BB905F800F01FB5 /* UICollectionViewDemoTests.xctest */;
			productType = "com.apple.product-type.bundle.unit-test";
		};
		D9144E941BB905F800F01FB5 /* UICollectionViewDemoUITests */ = {
			isa = PBXNativeTarget;
			buildConfigurationList = D9144EA41BB905F800F01FB5 /* Build configuration list for PBXNativeTarget "UICollectionViewDemoUITests" */;
			buildPhases = (
				D9144E911BB905F800F01FB5 /* Sources */,
				D9144E921BB905F800F01FB5 /* Frameworks */,
				D9144E931BB905F800F01FB5 /* Resources */,
			);
			buildRules = (
			);
			dependencies = (
				D9144E971BB905F800F01FB5 /* PBXTargetDependency */,
			);
			name = UICollectionViewDemoUITests;
			productName = UICollectionViewDemoUITests;
			productReference = D9144E951BB905F800F01FB5 /* UICollectionViewDemoUITests.xctest */;
			productType = "com.apple.product-type.bundle.ui-testing";
		};
/* End PBXNativeTarget section */

/* Begin PBXProject section */
		D9144E691BB905F800F01FB5 /* Project object */ = {
			isa = PBXProject;
			attributes = {
				LastUpgradeCheck = 0700;
				ORGANIZATIONNAME = "Mayur Phadte";
				TargetAttributes = {
					D9144E701BB905F800F01FB5 = {
						CreatedOnToolsVersion = 7.0;
						DevelopmentTeam = RQVNW8L9ZP;
					};
					D9144E891BB905F800F01FB5 = {
						CreatedOnToolsVersion = 7.0;
						DevelopmentTeam = RQVNW8L9ZP;
						TestTargetID = D9144E701BB905F800F01FB5;
					};
					D9144E941BB905F800F01FB5 = {
						CreatedOnToolsVersion = 7.0;
						DevelopmentTeam = RQVNW8L9ZP;
						TestTargetID = D9144E701BB905F800F01FB5;
					};
				};
			};
			buildConfigurationList = D9144E6C1BB905F800F01FB5 /* Build configuration list for PBXProject "UICollectionViewDemo" */;
			compatibilityVersion = "Xcode 3.2";
			developmentRegion = English;
			hasScannedForEncodings = 0;
			knownRegions = (
				en,
				Base,
			);
			mainGroup = D9144E681BB905F800F01FB5;
			productRefGroup = D9144E721BB905F800F01FB5 /* Products */;
			projectDirPath = "";
			projectRoot = "";
			targets = (
				D9144E701BB905F800F01FB5 /* UICollectionViewDemo */,
				D9144E891BB905F800F01FB5 /* UICollectionViewDemoTests */,
				D9144E941BB905F800F01FB5 /* UICollectionViewDemoUITests */,
			);
		};
/* End PBXProject section */

/* Begin PBXResourcesBuildPhase section */
		D9144E6F1BB905F800F01FB5 /* Resources */ = {
			isa = PBXResourcesBuildPhase;
			buildActionMask = 2147483647;
			files = (
				D9144E841BB905F800F01FB5 /* LaunchScreen.storyboard in Resources */,
				D9144E811BB905F800F01FB5 /* Assets.xcassets in Resources */,
				D9144E7F1BB905F800F01FB5 /* Main.storyboard in Resources */,
			);
			runOnlyForDeploymentPostprocessing = 0;
		};
		D9144E881BB905F800F01FB5 /* Resources */ = {
			isa = PBXResourcesBuildPhase;
			buildActionMask = 2147483647;
			files = (
			);
			runOnlyForDeploymentPostprocessing = 0;
		};
		D9144E931BB905F800F01FB5 /* Resources */ = {
			isa = PBXResourcesBuildPhase;
			buildActionMask = 2147483647;
			files = (
			);
			runOnlyForDeploymentPostprocessing = 0;
		};
/* End PBXResourcesBuildPhase section */

/* Begin PBXSourcesBuildPhase section */
		D9144E6D1BB905F800F01FB5 /* Sources */ = {
			isa = PBXSourcesBuildPhase;
			buildActionMask = 2147483647;
			files = (
				D9144EA91BB9066B00F01FB5 /* CollectionViewController.m in Sources */,
				D9144E791BB905F800F01FB5 /* AppDelegate.m in Sources */,
				D9144EAC1BB906A500F01FB5 /* CollectionViewCell.m in Sources */,
				D9144E761BB905F800F01FB5 /* main.m in Sources */,
			);
			runOnlyForDeploymentPostprocessing = 0;
		};
		D9144E861BB905F800F01FB5 /* Sources */ = {
			isa = PBXSourcesBuildPhase;
			buildActionMask = 2147483647;
			files = (
				D9144E8F1BB905F800F01FB5 /* UICollectionViewDemoTests.m in Sources */,
			);
			runOnlyForDeploymentPostprocessing = 0;
		};
		D9144E911BB905F800F01FB5 /* Sources */ = {
			isa = PBXSourcesBuildPhase;
			buildActionMask = 2147483647;
			files = (
				D9144E9A1BB905F800F01FB5 /* UICollectionViewDemoUITests.m in Sources */,
			);
			runOnlyForDeploymentPostprocessing = 0;
		};
/* End PBXSourcesBuildPhase section */

/* Begin PBXTargetDependency section */
		D9144E8C1BB905F800F01FB5 /* PBXTargetDependency */ = {
			isa = PBXTargetDependency;
			target = D9144E701BB905F800F01FB5 /* UICollectionViewDemo */;
			targetProxy = D9144E8B1BB905F800F01FB5 /* PBXContainerItemProxy */;
		};
		D9144E971BB905F800F01FB5 /* PBXTargetDependency */ = {
			isa = PBXTargetDependency;
			target = D9144E701BB905F800F01FB5 /* UICollectionViewDemo */;
			targetProxy = D9144E961BB905F800F01FB5 /* PBXContainerItemProxy */;
		};
/* End PBXTargetDependency section */

/* Begin PBXVariantGroup section */
		D9144E7D1BB905F800F01FB5 /* Main.storyboard */ = {
			isa = PBXVariantGroup;
			children = (
				D9144E7E1BB905F800F01FB5 /* Base */,
			);
			name = Main.storyboard;
			sourceTree = "<group>";
		};
		D9144E821BB905F800F01FB5 /* LaunchScreen.storyboard */ = {
			isa = PBXVariantGroup;
			children = (
				D9144E831BB905F800F01FB5 /* Base */,
			);
			name = LaunchScreen.storyboard;
			sourceTree = "<group>";
		};
/* End PBXVariantGroup section */

/* Begin XCBuildConfiguration section */
		D9144E9C1BB905F800F01FB5 /* Debug */ = {
			isa = XCBuildConfiguration;
			buildSettings = {
				ALWAYS_SEARCH_USER_PATHS = NO;
				CLANG_CXX_LANGUAGE_STANDARD = "gnu++0x";
				CLANG_CXX_LIBRARY = "libc++";
				CLANG_ENABLE_MODULES = YES;
				CLANG_ENABLE_OBJC_ARC = YES;
				CLANG_WARN_BOOL_CONVERSION = YES;
				CLANG_WARN_CONSTANT_CONVERSION = YES;
				CLANG_WARN_DIRECT_OBJC_ISA_USAGE = YES_ERROR;
				CLANG_WARN_EMPTY_BODY = YES;
				CLANG_WARN_ENUM_CONVERSION = YES;
				CLANG_WARN_INT_CONVERSION = YES;
				CLANG_WARN_OBJC_ROOT_CLASS = YES_ERROR;
				CLANG_WARN_UNREACHABLE_CODE = YES;
				CLANG_WARN__DUPLICATE_METHOD_MATCH = YES;
				"CODE_SIGN_IDENTITY[sdk=iphoneos*]" = "iPhone Developer";
				COPY_PHASE_STRIP = NO;
				DEBUG_INFORMATION_FORMAT = dwarf;
				ENABLE_STRICT_OBJC_MSGSEND = YES;
				ENABLE_TESTABILITY = YES;
				GCC_C_LANGUAGE_STANDARD = gnu99;
				GCC_DYNAMIC_NO_PIC = NO;
				GCC_NO_COMMON_BLOCKS = YES;
				GCC_OPTIMIZATION_LEVEL = 0;
				GCC_PREPROCESSOR_DEFINITIONS = (
					"DEBUG=1",
					"$(inherited)",
				);
				GCC_WARN_64_TO_32_BIT_CONVERSION = YES;
				GCC_WARN_ABOUT_RETURN_TYPE = YES_ERROR;
				GCC_WARN_UNDECLARED_SELECTOR = YES;
				GCC_WARN_UNINITIALIZED_AUTOS = YES_AGGRESSIVE;
				GCC_WARN_UNUSED_FUNCTION = YES;
				GCC_WARN_UNUSED_VARIABLE = YES;
				IPHONEOS_DEPLOYMENT_TARGET = 9.0;
				MTL_ENABLE_DEBUG_INFO = YES;
				ONLY_ACTIVE_ARCH = YES;
				SDKROOT = iphoneos;
			};
			name = Debug;
		};
		D9144E9D1BB905F800F01FB5 /* Release */ = {
			isa = XCBuildConfiguration;
			buildSettings = {
				ALWAYS_SEARCH_USER_PATHS = NO;
				CLANG_CXX_LANGUAGE_STANDARD = "gnu++0x";
				CLANG_CXX_LIBRARY = "libc++";
				CLANG_ENABLE_MODULES = YES;
				CLANG_ENABLE_OBJC_ARC = YES;
				CLANG_WARN_BOOL_CONVERSION = YES;
				CLANG_WARN_CONSTANT_CONVERSION = YES;
				CLANG_WARN_DIRECT_OBJC_ISA_USAGE = YES_ERROR;
				CLANG_WARN_EMPTY_BODY = YES;
				CLANG_WARN_ENUM_CONVERSION = YES;
				CLANG_WARN_INT_CONVERSION = YES;
				CLANG_WARN_OBJC_ROOT_CLASS = YES_ERROR;
				CLANG_WARN_UNREACHABLE_CODE = YES;
				CLANG_WARN__DUPLICATE_METHOD_MATCH = YES;
				"CODE_SIGN_IDENTITY[sdk=iphoneos*]" = "iPhone Developer";
				COPY_PHASE_STRIP = NO;
				DEBUG_INFORMATION_FORMAT = "dwarf-with-dsym";
				ENABLE_NS_ASSERTIONS = NO;
				ENABLE_STRICT_OBJC_MSGSEND = YES;
				GCC_C_LANGUAGE_STANDARD = gnu99;
				GCC_NO_COMMON_BLOCKS = YES;
				GCC_WARN_64_TO_32_BIT_CONVERSION = YES;
				GCC_WARN_ABOUT_RETURN_TYPE = YES_ERROR;
				GCC_WARN_UNDECLARED_SELECTOR = YES;
				GCC_WARN_UNINITIALIZED_AUTOS = YES_AGGRESSIVE;
				GCC_WARN_UNUSED_FUNCTION = YES;
				GCC_WARN_UNUSED_VARIABLE = YES;
				IPHONEOS_DEPLOYMENT_TARGET = 9.0;
				MTL_ENABLE_DEBUG_INFO = NO;
				SDKROOT = iphoneos;
				VALIDATE_PRODUCT = YES;
			};
			name = Release;
		};
		D9144E9F1BB905F800F01FB5 /* Debug */ = {
			isa = XCBuildConfiguration;
			buildSettings = {
				ASSETCATALOG_COMPILER_APPICON_NAME = AppIcon;
				INFOPLIST_FILE = UICollectionViewDemo/Info.plist;
				LD_RUNPATH_SEARCH_PATHS = "$(inherited) @executable_path/Frameworks";
				PRODUCT_BUNDLE_IDENTIFIER = com.mayurphadte.UICollectionViewDemo;
				PRODUCT_NAME = "$(TARGET_NAME)";
			};
			name = Debug;
		};
		D9144EA01BB905F800F01FB5 /* Release */ = {
			isa = XCBuildConfiguration;
			buildSettings = {
				ASSETCATALOG_COMPILER_APPICON_NAME = AppIcon;
				INFOPLIST_FILE = UICollectionViewDemo/Info.plist;
				LD_RUNPATH_SEARCH_PATHS = "$(inherited) @executable_path/Frameworks";
				PRODUCT_BUNDLE_IDENTIFIER = com.mayurphadte.UICollectionViewDemo;
				PRODUCT_NAME = "$(TARGET_NAME)";
			};
			name = Release;
		};
		D9144EA21BB905F800F01FB5 /* Debug */ = {
			isa = XCBuildConfiguration;
			buildSettings = {
				BUNDLE_LOADER = "$(TEST_HOST)";
				INFOPLIST_FILE = UICollectionViewDemoTests/Info.plist;
				LD_RUNPATH_SEARCH_PATHS = "$(inherited) @executable_path/Frameworks @loader_path/Frameworks";
				PRODUCT_BUNDLE_IDENTIFIER = com.mayurphadte.UICollectionViewDemoTests;
				PRODUCT_NAME = "$(TARGET_NAME)";
				TEST_HOST = "$(BUILT_PRODUCTS_DIR)/UICollectionViewDemo.app/UICollectionViewDemo";
			};
			name = Debug;
		};
		D9144EA31BB905F800F01FB5 /* Release */ = {
			isa = XCBuildConfiguration;
			buildSettings = {
				BUNDLE_LOADER = "$(TEST_HOST)";
				INFOPLIST_FILE = UICollectionViewDemoTests/Info.plist;
				LD_RUNPATH_SEARCH_PATHS = "$(inherited) @executable_path/Frameworks @loader_path/Frameworks";
				PRODUCT_BUNDLE_IDENTIFIER = com.mayurphadte.UICollectionViewDemoTests;
				PRODUCT_NAME = "$(TARGET_NAME)";
				TEST_HOST = "$(BUILT_PRODUCTS_DIR)/UICollectionViewDemo.app/UICollectionViewDemo";
			};
			name = Release;
		};
		D9144EA51BB905F800F01FB5 /* Debug */ = {
			isa = XCBuildConfiguration;
			buildSettings = {
				INFOPLIST_FILE = UICollectionViewDemoUITests/Info.plist;
				LD_RUNPATH_SEARCH_PATHS = "$(inherited) @executable_path/Frameworks @loader_path/Frameworks";
				PRODUCT_BUNDLE_IDENTIFIER = com.mayurphadte.UICollectionViewDemoUITests;
				PRODUCT_NAME = "$(TARGET_NAME)";
				TEST_TARGET_NAME = UICollectionViewDemo;
				USES_XCTRUNNER = YES;
			};
			name = Debug;
		};
		D9144EA61BB905F800F01FB5 /* Release */ = {
			isa = XCBuildConfiguration;
			buildSettings = {
				INFOPLIST_FILE = UICollectionViewDemoUITests/Info.plist;
				LD_RUNPATH_SEARCH_PATHS = "$(inherited) @executable_path/Frameworks @loader_path/Frameworks";
				PRODUCT_BUNDLE_IDENTIFIER = com.mayurphadte.UICollectionViewDemoUITests;
				PRODUCT_NAME = "$(TARGET_NAME)";
				TEST_TARGET_NAME = UICollectionViewDemo;
				USES_XCTRUNNER = YES;
			};
			name = Release;
		};
/* End XCBuildConfiguration section */

/* Begin XCConfigurationList section */
		D9144E6C1BB905F800F01FB5 /* Build configuration list for PBXProject "UICollectionViewDemo" */ = {
			isa = XCConfigurationList;
			buildConfigurations = (
				D9144E9C1BB905F800F01FB5 /* Debug */,
				D9144E9D1BB905F800F01FB5 /* Release */,
			);
			defaultConfigurationIsVisible = 0;
			defaultConfigurationName = Release;
		};
		D9144E9E1BB905F800F01FB5 /* Build configuration list for PBXNativeTarget "UICollectionViewDemo" */ = {
			isa = XCConfigurationList;
			buildConfigurations = (
				D9144E9F1BB905F800F01FB5 /* Debug */,
				D9144EA01BB905F800F01FB5 /* Release */,
			);
			defaultConfigurationIsVisible = 0;
		};
		D9144EA11BB905F800F01FB5 /* Build configuration list for PBXNativeTarget "UICollectionViewDemoTests" */ = {
			isa = XCConfigurationList;
			buildConfigurations = (
				D9144EA21BB905F800F01FB5 /* Debug */,
				D9144EA31BB905F800F01FB5 /* Release */,
			);
			defaultConfigurationIsVisible = 0;
		};
		D9144EA41BB905F800F01FB5 /* Build configuration list for PBXNativeTarget "UICollectionViewDemoUITests" */ = {
			isa = XCConfigurationList;
			buildConfigurations = (
				D9144EA51BB905F800F01FB5 /* Debug */,
				D9144EA61BB905F800F01FB5 /* Release */,
			);
			defaultConfigurationIsVisible = 0;
		};
/* End XCConfigurationList section */
	};
	rootObject = D9144E691BB905F800F01FB5 /* Project object */;
}
